
Microsoft Visual Studio Solution File, Format Version 12.00
# Visual Studio Version 16
VisualStudioVersion = 16.0.28729.10
MinimumVisualStudioVersion = 10.0.40219.1
Project("{2150E333-8FDC-42A3-9474-1A3956D46DE8}") = "src", "src", "{7B38FE55-C10A-4194-B710-A8E379BABC23}"
EndProject
Project("{2150E333-8FDC-42A3-9474-1A3956D46DE8}") = "demo", "demo", "{1A9E8569-670C-43DE-BF58-210A48A45C4E}"
EndProject
Project("{9A19103F-16F7-4668-BE54-9A1E7A4F7556}") = "Blazor.Analytics", "Blazor.Analytics\Blazor.Analytics.csproj", "{DA1CF382-C6B0-4852-A9DA-D1A5D51CA5AF}"
EndProject
Global
	GlobalSection(SolutionConfigurationPlatforms) = preSolution
		Debug|Any CPU = Debug|Any CPU
		Release|Any CPU = Release|Any CPU
	EndGlobalSection
	GlobalSection(ProjectConfigurationPlatforms) = postSolution
		{DA1CF382-C6B0-4852-A9DA-D1A5D51CA5AF}.Debug|Any CPU.ActiveCfg = Debug|Any CPU
		{DA1CF382-C6B0-4852-A9DA-D1A5D51CA5AF}.Debug|Any CPU.Build.0 = Debug|Any CPU
		{DA1CF382-C6B0-4852-A9DA-D1A5D51CA5AF}.Release|Any CPU.ActiveCfg = Release|Any CPU
		{DA1CF382-C6B0-4852-A9DA-D1A5D51CA5AF}.Release|Any CPU.Build.0 = Release|Any CPU
	EndGlobalSection
	GlobalSection(SolutionProperties) = preSolution
		HideSolutionNode = FALSE
	EndGlobalSection
	GlobalSection(NestedProjects) = preSolution
		{DA1CF382-C6B0-4852-A9DA-D1A5D51CA5AF} = {7B38FE55-C10A-4194-B710-A8E379BABC23}
	EndGlobalSection
	GlobalSection(ExtensibilityGlobals) = postSolution
		SolutionGuid = {C00ECA7B-3844-48F6-990F-1DB71DA00F9F}
	EndGlobalSection
EndGlobal
